
Microsoft Visual Studio Solution File, Format Version 12.00
# Visual Studio Version 17
VisualStudioVersion = 17.9.34728.123
MinimumVisualStudioVersion = 10.0.40219.1
Project("{9A19103F-16F7-4668-BE54-9A1E7A4F7556}") = "FirmanDayOffShedule.Api", "FirmanDayOffShedule.Api\FirmanDayOffShedule.Api.csproj", "{8709BC52-FE6E-4D27-8912-5821E493BD74}"
EndProject
Project("{9A19103F-16F7-4668-BE54-9A1E7A4F7556}") = "FiremanDayOffShedule.Dal", "FiremanDayOffShedule.Dal\FiremanDayOffShedule.Dal.csproj", "{15614E06-47D2-4455-B591-2136C82F079A}"
EndProject
Project("{FAE04EC0-301F-11D3-BF4B-00C04F79EFBC}") = "FiremanDayOffShedule.DataContracts", "FiremanDayOffShedule.DataContracts\FiremanDayOffShedule.DataContracts.csproj", "{CC8BC5E8-0B43-4732-8793-5DA27747C8D4}"
EndProject
Project("{FAE04EC0-301F-11D3-BF4B-00C04F79EFBC}") = "FiremanDayOffShedule.Business", "FiremanDayOffShedule.Business\FiremanDayOffShedule.Business.csproj", "{421D06D8-007A-4B90-9789-C5742461158E}"
EndProject
Global
	GlobalSection(SolutionConfigurationPlatforms) = preSolution
		Debug|Any CPU = Debug|Any CPU
		Production|Any CPU = Production|Any CPU
		Release|Any CPU = Release|Any CPU
	EndGlobalSection
	GlobalSection(ProjectConfigurationPlatforms) = postSolution
		{8709BC52-FE6E-4D27-8912-5821E493BD74}.Debug|Any CPU.ActiveCfg = Debug|Any CPU
		{8709BC52-FE6E-4D27-8912-5821E493BD74}.Debug|Any CPU.Build.0 = Debug|Any CPU
		{8709BC52-FE6E-4D27-8912-5821E493BD74}.Production|Any CPU.ActiveCfg = Production|Any CPU
		{8709BC52-FE6E-4D27-8912-5821E493BD74}.Production|Any CPU.Build.0 = Production|Any CPU
		{8709BC52-FE6E-4D27-8912-5821E493BD74}.Release|Any CPU.ActiveCfg = Release|Any CPU
		{8709BC52-FE6E-4D27-8912-5821E493BD74}.Release|Any CPU.Build.0 = Release|Any CPU
		{15614E06-47D2-4455-B591-2136C82F079A}.Debug|Any CPU.ActiveCfg = Debug|Any CPU
		{15614E06-47D2-4455-B591-2136C82F079A}.Debug|Any CPU.Build.0 = Debug|Any CPU
		{15614E06-47D2-4455-B591-2136C82F079A}.Production|Any CPU.ActiveCfg = Release|Any CPU
		{15614E06-47D2-4455-B591-2136C82F079A}.Production|Any CPU.Build.0 = Release|Any CPU
		{15614E06-47D2-4455-B591-2136C82F079A}.Release|Any CPU.ActiveCfg = Release|Any CPU
		{15614E06-47D2-4455-B591-2136C82F079A}.Release|Any CPU.Build.0 = Release|Any CPU
		{CC8BC5E8-0B43-4732-8793-5DA27747C8D4}.Debug|Any CPU.ActiveCfg = Debug|Any CPU
		{CC8BC5E8-0B43-4732-8793-5DA27747C8D4}.Debug|Any CPU.Build.0 = Debug|Any CPU
		{CC8BC5E8-0B43-4732-8793-5DA27747C8D4}.Production|Any CPU.ActiveCfg = Release|Any CPU
		{CC8BC5E8-0B43-4732-8793-5DA27747C8D4}.Production|Any CPU.Build.0 = Release|Any CPU
		{CC8BC5E8-0B43-4732-8793-5DA27747C8D4}.Release|Any CPU.ActiveCfg = Release|Any CPU
		{CC8BC5E8-0B43-4732-8793-5DA27747C8D4}.Release|Any CPU.Build.0 = Release|Any CPU
		{421D06D8-007A-4B90-9789-C5742461158E}.Debug|Any CPU.ActiveCfg = Debug|Any CPU
		{421D06D8-007A-4B90-9789-C5742461158E}.Debug|Any CPU.Build.0 = Debug|Any CPU
		{421D06D8-007A-4B90-9789-C5742461158E}.Production|Any CPU.ActiveCfg = Release|Any CPU
		{421D06D8-007A-4B90-9789-C5742461158E}.Production|Any CPU.Build.0 = Release|Any CPU
		{421D06D8-007A-4B90-9789-C5742461158E}.Release|Any CPU.ActiveCfg = Release|Any CPU
		{421D06D8-007A-4B90-9789-C5742461158E}.Release|Any CPU.Build.0 = Release|Any CPU
	EndGlobalSection
	GlobalSection(SolutionProperties) = preSolution
		HideSolutionNode = FALSE
	EndGlobalSection
	GlobalSection(ExtensibilityGlobals) = postSolution
		SolutionGuid = {F303938A-B7E4-40AB-9669-E3427F95D623}
	EndGlobalSection
EndGlobal
